
Microsoft Visual Studio Solution File, Format Version 12.00
# Visual Studio 15
VisualStudioVersion = 15.0.27428.2015
MinimumVisualStudioVersion = 10.0.40219.1
Project("{FAE04EC0-301F-11D3-BF4B-00C04F79EFBC}") = "WindowsFormsApp9", "WindowsFormsApp9\WindowsFormsApp9.csproj", "{8FBF8497-CB59-4F04-ABD4-444656BFA70C}"
EndProject
Global
	GlobalSection(SolutionConfigurationPlatforms) = preSolution
		Debug|Any CPU = Debug|Any CPU
		Release|Any CPU = Release|Any CPU
	EndGlobalSection
	GlobalSection(ProjectConfigurationPlatforms) = postSolution
		{8FBF8497-CB59-4F04-ABD4-444656BFA70C}.Debug|Any CPU.ActiveCfg = Debug|Any CPU
		{8FBF8497-CB59-4F04-ABD4-444656BFA70C}.Debug|Any CPU.Build.0 = Debug|Any CPU
		{8FBF8497-CB59-4F04-ABD4-444656BFA70C}.Release|Any CPU.ActiveCfg = Release|Any CPU
		{8FBF8497-CB59-4F04-ABD4-444656BFA70C}.Release|Any CPU.Build.0 = Release|Any CPU
	EndGlobalSection
	GlobalSection(SolutionProperties) = preSolution
		HideSolutionNode = FALSE
	EndGlobalSection
	GlobalSection(ExtensibilityGlobals) = postSolution
		SolutionGuid = {22A527AE-CAEE-4A68-A142-DDAA6D8D3315}
	EndGlobalSection
EndGlobal
